
Microsoft Visual Studio Solution File, Format Version 12.00
# Visual Studio 15
VisualStudioVersion = 15.0.28307.1300
MinimumVisualStudioVersion = 10.0.40219.1
Project("{FAE04EC0-301F-11D3-BF4B-00C04F79EFBC}") = "Apropos", "Apropos\Apropos.csproj", "{1759139E-6B73-493C-A0A4-14D5C42602D5}"
EndProject
Global
	GlobalSection(SolutionConfigurationPlatforms) = preSolution
		Debug|Any CPU = Debug|Any CPU
		Release|Any CPU = Release|Any CPU
	EndGlobalSection
	GlobalSection(ProjectConfigurationPlatforms) = postSolution
		{1759139E-6B73-493C-A0A4-14D5C42602D5}.Debug|Any CPU.ActiveCfg = Debug|Any CPU
		{1759139E-6B73-493C-A0A4-14D5C42602D5}.Debug|Any CPU.Build.0 = Debug|Any CPU
		{1759139E-6B73-493C-A0A4-14D5C42602D5}.Release|Any CPU.ActiveCfg = Release|Any CPU
		{1759139E-6B73-493C-A0A4-14D5C42602D5}.Release|Any CPU.Build.0 = Release|Any CPU
	EndGlobalSection
	GlobalSection(SolutionProperties) = preSolution
		HideSolutionNode = FALSE
	EndGlobalSection
	GlobalSection(ExtensibilityGlobals) = postSolution
		SolutionGuid = {A35A0633-ADF2-471C-A5A4-51B64DAC3F1B}
	EndGlobalSection
EndGlobal
